// !$*UTF8*$!
{
	archiveVersion = 1;
	classes = {
	};
	objectVersion = 77;
	objects = {

/* Begin PBXBuildFile section */
		064BAA16EA4D4830B29F2D9C /* AnswerGuardUITests.swift in Sources */ = {isa = PBXBuildFile; fileRef = CCFBE5D59081407DA7F38ED6 /* AnswerGuardUITests.swift */; };
		0DDD8A9A4BBA38ABE292B47F /* PrimaryButton.swift in Sources */ = {isa = PBXBuildFile; fileRef = 68E4CF9C669D336F6C2FD8E7 /* PrimaryButton.swift */; };
		1BAE4130DA7DC5758A7F13FE /* StoreReviewManager.swift in Sources */ = {isa = PBXBuildFile; fileRef = 48232C2EAE9FAA775617C954 /* StoreReviewManager.swift */; };
		4ED9D921707F80E1AC5501F3 /* AnswerGuardApp.swift in Sources */ = {isa = PBXBuildFile; fileRef = 368C8F93B37D3B244F271919 /* AnswerGuardApp.swift */; };
		4F4A683B236AE94216503707 /* Colors.swift in Sources */ = {isa = PBXBuildFile; fileRef = B9A84792F8E1380EF1A87461 /* Colors.swift */; };
		85ABA1B34E3D14E790434638 /* ProManager.swift in Sources */ = {isa = PBXBuildFile; fileRef = A5A3DD46F85A68522E1B0902 /* ProManager.swift */; };
		96771424C44C551B73F7732B /* GlassCard.swift in Sources */ = {isa = PBXBuildFile; fileRef = 1D15E4584476AB7D519E638B /* GlassCard.swift */; };
		A1B2C3D400000001DEADBEEF /* Logger.swift in Sources */ = {isa = PBXBuildFile; fileRef = A1B2C3D400000002DEADBEEF /* Logger.swift */; };
		A1B2C3D400000003DEADBEEF /* AnalyticsService.swift in Sources */ = {isa = PBXBuildFile; fileRef = A1B2C3D400000004DEADBEEF /* AnalyticsService.swift */; };
		A1B2C3D400000004SHARE01 /* ShareSheet.swift in Sources */ = {isa = PBXBuildFile; fileRef = A1B2C3D400000004SHARE02 /* ShareSheet.swift */; };
		AACD00112233445566778801 /* CallDirectoryManager.swift in Sources */ = {isa = PBXBuildFile; fileRef = AACD00112233445566778802 /* CallDirectoryManager.swift */; };
		AAGH00112233445566778801 /* AnswerGuardHomeScreen.swift in Sources */ = {isa = PBXBuildFile; fileRef = AAGH00112233445566778802 /* AnswerGuardHomeScreen.swift */; };
		AABB001122334455DEADBEE0 /* Assets.xcassets in Resources */ = {isa = PBXBuildFile; fileRef = AABB001122334455DEADBEEF /* Assets.xcassets */; };
		PH00112233445566778899AA /* PostHog in Frameworks */ = {isa = PBXBuildFile; productRef = PH00112233445566778899BB /* PostHog */; };
		PRIV001122334455AABB0002 /* PrivacyInfo.xcprivacy in Resources */ = {isa = PBXBuildFile; fileRef = PRIV001122334455AABB0001 /* PrivacyInfo.xcprivacy */; };
		PRVT001122334455AABB0002 /* ProValidationTests.swift in Sources */ = {isa = PBXBuildFile; fileRef = PRVT001122334455AABB0001 /* ProValidationTests.swift */; };
		SPAM001122334455AABB0002 /* SpamDatabase.swift in Sources */ = {isa = PBXBuildFile; fileRef = SPAM001122334455AABB0001 /* SpamDatabase.swift */; };
		SPAMT01122334455AABB0002 /* SpamDatabaseTests.swift in Sources */ = {isa = PBXBuildFile; fileRef = SPAMT01122334455AABB0001 /* SpamDatabaseTests.swift */; };
/* End PBXBuildFile section */

/* Begin PBXContainerItemProxy section */
		4B994177C0B44D43AC6B6889 /* PBXContainerItemProxy */ = {
			isa = PBXContainerItemProxy;
			containerPortal = 0EDC84FE4BE7EB4ACDD83C02 /* Project object */;
			proxyType = 1;
			remoteGlobalIDString = 071F286DC49E27F1773FA883;
			remoteInfo = AnswerGuard;
		};
		D3B5D27FE9DAFDE56963E3F1 /* PBXContainerItemProxy */ = {
			isa = PBXContainerItemProxy;
			containerPortal = 0EDC84FE4BE7EB4ACDD83C02 /* Project object */;
			proxyType = 1;
			remoteGlobalIDString = 071F286DC49E27F1773FA883;
			remoteInfo = AnswerGuard;
		};
/* End PBXContainerItemProxy section */

/* Begin PBXCopyFilesBuildPhase section */
		C1D86135661BEED30B3D6574 /* Embed Foundation Extensions */ = {
			isa = PBXCopyFilesBuildPhase;
			buildActionMask = 2147483647;
			dstPath = "";
			dstSubfolderSpec = 13;
			files = (
			);
			name = "Embed Foundation Extensions";
			runOnlyForDeploymentPostprocessing = 0;
		};
/* End PBXCopyFilesBuildPhase section */

/* Begin PBXFileReference section */
		1D15E4584476AB7D519E638B /* GlassCard.swift */ = {isa = PBXFileReference; lastKnownFileType = sourcecode.swift; path = GlassCard.swift; sourceTree = "<group>"; };
		25FCEC0B24402A66BBCC142A /* AnswerGuardTests.xctest */ = {isa = PBXFileReference; includeInIndex = 0; lastKnownFileType = wrapper.cfbundle; path = AnswerGuardTests.xctest; sourceTree = BUILT_PRODUCTS_DIR; };
		368C8F93B37D3B244F271919 /* AnswerGuardApp.swift */ = {isa = PBXFileReference; lastKnownFileType = sourcecode.swift; path = AnswerGuardApp.swift; sourceTree = "<group>"; };
		48232C2EAE9FAA775617C954 /* StoreReviewManager.swift */ = {isa = PBXFileReference; includeInIndex = 1; lastKnownFileType = sourcecode.swift; path = StoreReviewManager.swift; sourceTree = "<group>"; };
		4C626B57059C6BDF97711A5D /* Info.plist */ = {isa = PBXFileReference; lastKnownFileType = text.plist; path = Info.plist; sourceTree = "<group>"; };
		5897E50AB48E9FBF061E29B4 /* AnswerGuard.app */ = {isa = PBXFileReference; includeInIndex = 0; lastKnownFileType = wrapper.application; path = AnswerGuard.app; sourceTree = BUILT_PRODUCTS_DIR; };
		68E4CF9C669D336F6C2FD8E7 /* PrimaryButton.swift */ = {isa = PBXFileReference; lastKnownFileType = sourcecode.swift; path = PrimaryButton.swift; sourceTree = "<group>"; };
		A1B2C3D400000002DEADBEEF /* Logger.swift */ = {isa = PBXFileReference; lastKnownFileType = sourcecode.swift; path = Logger.swift; sourceTree = "<group>"; };
		A1B2C3D400000004DEADBEEF /* AnalyticsService.swift */ = {isa = PBXFileReference; lastKnownFileType = sourcecode.swift; path = AnalyticsService.swift; sourceTree = "<group>"; };
		A1B2C3D400000004SHARE02 /* ShareSheet.swift */ = {isa = PBXFileReference; lastKnownFileType = sourcecode.swift; path = ShareSheet.swift; sourceTree = "<group>"; };
		A5A3DD46F85A68522E1B0902 /* ProManager.swift */ = {isa = PBXFileReference; includeInIndex = 1; lastKnownFileType = sourcecode.swift; path = ProManager.swift; sourceTree = "<group>"; };
		AACD00112233445566778802 /* CallDirectoryManager.swift */ = {isa = PBXFileReference; lastKnownFileType = sourcecode.swift; path = CallDirectoryManager.swift; sourceTree = "<group>"; };
		AAGH00112233445566778802 /* AnswerGuardHomeScreen.swift */ = {isa = PBXFileReference; lastKnownFileType = sourcecode.swift; path = AnswerGuardHomeScreen.swift; sourceTree = "<group>"; };
		AABB001122334455DEADBEEF /* Assets.xcassets */ = {isa = PBXFileReference; lastKnownFileType = folder.assetcatalog; name = Assets.xcassets; path = AnswerGuard/Resources/Assets.xcassets; sourceTree = "<group>"; };
		B9A84792F8E1380EF1A87461 /* Colors.swift */ = {isa = PBXFileReference; lastKnownFileType = sourcecode.swift; path = Colors.swift; sourceTree = "<group>"; };
		BDB556957D054D23B9D4D664 /* AnswerGuardUITests.xctest */ = {isa = PBXFileReference; includeInIndex = 0; lastKnownFileType = wrapper.cfbundle; path = AnswerGuardUITests.xctest; sourceTree = BUILT_PRODUCTS_DIR; };
		CCFBE5D59081407DA7F38ED6 /* AnswerGuardUITests.swift */ = {isa = PBXFileReference; lastKnownFileType = sourcecode.swift; path = AnswerGuardUITests.swift; sourceTree = "<group>"; };
		PRIV001122334455AABB0001 /* PrivacyInfo.xcprivacy */ = {isa = PBXFileReference; lastKnownFileType = text.xml; name = PrivacyInfo.xcprivacy; path = AnswerGuard/PrivacyInfo.xcprivacy; sourceTree = "<group>"; };
		PRVT001122334455AABB0001 /* ProValidationTests.swift */ = {isa = PBXFileReference; lastKnownFileType = sourcecode.swift; path = ProValidationTests.swift; sourceTree = "<group>"; };
		SPAM001122334455AABB0001 /* SpamDatabase.swift */ = {isa = PBXFileReference; lastKnownFileType = sourcecode.swift; path = SpamDatabase.swift; sourceTree = "<group>"; };
		SPAMT01122334455AABB0001 /* SpamDatabaseTests.swift */ = {isa = PBXFileReference; lastKnownFileType = sourcecode.swift; path = SpamDatabaseTests.swift; sourceTree = "<group>"; };
/* End PBXFileReference section */

/* Begin PBXFrameworksBuildPhase section */
		PH00112233445566778899CC /* Frameworks */ = {
			isa = PBXFrameworksBuildPhase;
			buildActionMask = 2147483647;
			files = (
				PH00112233445566778899AA /* PostHog in Frameworks */,
			);
			runOnlyForDeploymentPostprocessing = 0;
		};
/* End PBXFrameworksBuildPhase section */

/* Begin PBXGroup section */
		1F45D7F5254FAD17E047D6A3 /* Products */ = {
			isa = PBXGroup;
			children = (
				5897E50AB48E9FBF061E29B4 /* AnswerGuard.app */,
				25FCEC0B24402A66BBCC142A /* AnswerGuardTests.xctest */,
				BDB556957D054D23B9D4D664 /* AnswerGuardUITests.xctest */,
			);
			name = Products;
			sourceTree = "<group>";
		};
		3F3001C89372688DF388B3EA /* App */ = {
			isa = PBXGroup;
			children = (
				368C8F93B37D3B244F271919 /* AnswerGuardApp.swift */,
			);
			path = App;
			sourceTree = "<group>";
		};
		4A083F7CAA823D4930153B06 /* AnswerGuardTests */ = {
			isa = PBXGroup;
				children = (
					PRVT001122334455AABB0001 /* ProValidationTests.swift */,
					SPAMT01122334455AABB0001 /* SpamDatabaseTests.swift */,
				);
			path = AnswerGuardTests;
			sourceTree = "<group>";
		};
		552F50DFC810EB390ED7DC36 /* Components */ = {
			isa = PBXGroup;
			children = (
				1D15E4584476AB7D519E638B /* GlassCard.swift */,
				68E4CF9C669D336F6C2FD8E7 /* PrimaryButton.swift */,
				A1B2C3D400000004SHARE02 /* ShareSheet.swift */,
			);
			path = Components;
			sourceTree = "<group>";
		};
		6413DA757BFDBE2A16F530B5 /* Models */ = {
			isa = PBXGroup;
			children = (
			);
			path = Models;
			sourceTree = "<group>";
		};
		99BD2D54C4CED5E8976F44F9 /* UseCases */ = {
			isa = PBXGroup;
			children = (
			);
			path = UseCases;
			sourceTree = "<group>";
		};
		A7465B81D29C7680F842A4F4 /* Services */ = {
			isa = PBXGroup;
			children = (
					A1B2C3D400000004DEADBEEF /* AnalyticsService.swift */,
					A1B2C3D400000002DEADBEEF /* Logger.swift */,
					AACD00112233445566778802 /* CallDirectoryManager.swift */,
					SPAM001122334455AABB0001 /* SpamDatabase.swift */,
					48232C2EAE9FAA775617C954 /* StoreReviewManager.swift */,
					A5A3DD46F85A68522E1B0902 /* ProManager.swift */,
				);
			path = Services;
			sourceTree = "<group>";
		};
		A9369D56F8A5F3C82993B7C0 /* UI */ = {
			isa = PBXGroup;
			children = (
				552F50DFC810EB390ED7DC36 /* Components */,
				BF2FCD2370C088340557209E /* Screens */,
				B6F0A354E3DFEC67F9B4135A /* Theme */,
			);
			path = UI;
			sourceTree = "<group>";
		};
		B6F0A354E3DFEC67F9B4135A /* Theme */ = {
			isa = PBXGroup;
			children = (
				B9A84792F8E1380EF1A87461 /* Colors.swift */,
			);
			path = Theme;
			sourceTree = "<group>";
		};
		BF2FCD2370C088340557209E /* Screens */ = {
			isa = PBXGroup;
				children = (
					AAGH00112233445566778802 /* AnswerGuardHomeScreen.swift */,
				);
			path = Screens;
			sourceTree = "<group>";
		};
		D30E2D221821267F7C1DCC6E /* Domain */ = {
			isa = PBXGroup;
			children = (
				6413DA757BFDBE2A16F530B5 /* Models */,
				99BD2D54C4CED5E8976F44F9 /* UseCases */,
			);
			path = Domain;
			sourceTree = "<group>";
		};
		D32BDC3522EA9C4F129D3A58 /* Sources */ = {
			isa = PBXGroup;
			children = (
				3F3001C89372688DF388B3EA /* App */,
				D30E2D221821267F7C1DCC6E /* Domain */,
				A7465B81D29C7680F842A4F4 /* Services */,
				A9369D56F8A5F3C82993B7C0 /* UI */,
			);
			name = Sources;
			path = AnswerGuard/Sources;
			sourceTree = "<group>";
			};
			DB1EB0493351D1D4C087065E /* Sounds */ = {
			isa = PBXGroup;
			children = (
			);
			name = Sounds;
			path = AnswerGuard/Resources/Sounds;
			sourceTree = "<group>";
		};
		E404D625B80F47B498797ECB /* AnswerGuardUITests */ = {
			isa = PBXGroup;
			children = (
				CCFBE5D59081407DA7F38ED6 /* AnswerGuardUITests.swift */,
			);
			path = AnswerGuardUITests;
			sourceTree = "<group>";
			};
			F8289CF182E2C94C3F449A81 = {
			isa = PBXGroup;
			children = (
				4A083F7CAA823D4930153B06 /* AnswerGuardTests */,
				E404D625B80F47B498797ECB /* AnswerGuardUITests */,
				DB1EB0493351D1D4C087065E /* Sounds */,
				D32BDC3522EA9C4F129D3A58 /* Sources */,
				AABB001122334455DEADBEEF /* Assets.xcassets */,
				PRIV001122334455AABB0001 /* PrivacyInfo.xcprivacy */,
				1F45D7F5254FAD17E047D6A3 /* Products */,
			);
			sourceTree = "<group>";
		};
/* End PBXGroup section */

/* Begin PBXNativeTarget section */
		068B65121206C32BF6322382 /* AnswerGuardTests */ = {
			isa = PBXNativeTarget;
			buildConfigurationList = D5ED6F06F95BC3C6B8B40BC6 /* Build configuration list for PBXNativeTarget "AnswerGuardTests" */;
			buildPhases = (
				CA4E80465DB6DB61FEB6A5DF /* Sources */,
			);
			buildRules = (
			);
			dependencies = (
				67ED10C9A616F8D32CF4F663 /* PBXTargetDependency */,
			);
			name = AnswerGuardTests;
			productName = AnswerGuardTests;
			productReference = 25FCEC0B24402A66BBCC142A /* AnswerGuardTests.xctest */;
			productType = "com.apple.product-type.bundle.unit-test";
		};
		071F286DC49E27F1773FA883 /* AnswerGuard */ = {
			isa = PBXNativeTarget;
			buildConfigurationList = 1FC5C4B604AB7C83642F1A28 /* Build configuration list for PBXNativeTarget "AnswerGuard" */;
			buildPhases = (
					4B3649502FCACD78DF51B7D7 /* Sources */,
					PH00112233445566778899CC /* Frameworks */,
					C860582E5E34407E753D7F99 /* Resources */,
				);
			buildRules = (
			);
				dependencies = (
				);
			name = AnswerGuard;
			packageProductDependencies = (
				PH00112233445566778899BB /* PostHog */,
			);
			productName = AnswerGuard;
			productReference = 5897E50AB48E9FBF061E29B4 /* AnswerGuard.app */;
			productType = "com.apple.product-type.application";
			};
			780772D950CC4419ABCBBAB5 /* AnswerGuardUITests */ = {
			isa = PBXNativeTarget;
			buildConfigurationList = 0BADE4CBF85B4271B73F574A /* Build configuration list for PBXNativeTarget "AnswerGuardUITests" */;
			buildPhases = (
				06C5F8F09D85408E93231FC5 /* Sources */,
			);
			buildRules = (
			);
			dependencies = (
				57CE23BFEB404B14B13A3CB4 /* PBXTargetDependency */,
			);
			name = AnswerGuardUITests;
			productName = AnswerGuardUITests;
			productReference = BDB556957D054D23B9D4D664 /* AnswerGuardUITests.xctest */;
			productType = "com.apple.product-type.bundle.ui-testing";
		};
/* End PBXNativeTarget section */

/* Begin PBXProject section */
		0EDC84FE4BE7EB4ACDD83C02 /* Project object */ = {
			isa = PBXProject;
			attributes = {
				BuildIndependentTargetsInParallel = YES;
				LastUpgradeCheck = 1600;
				TargetAttributes = {
					068B65121206C32BF6322382 = {
						DevelopmentTeam = 9GMM26JC5X;
						ProvisioningStyle = Automatic;
					};
					071F286DC49E27F1773FA883 = {
						DevelopmentTeam = 9GMM26JC5X;
						ProvisioningStyle = Automatic;
					};
						780772D950CC4419ABCBBAB5 = {
						DevelopmentTeam = 9GMM26JC5X;
						ProvisioningStyle = Automatic;
					};
				};
			};
			buildConfigurationList = CD36B60FFBE1306E78F16436 /* Build configuration list for PBXProject "AnswerGuard" */;
			compatibilityVersion = "Xcode 14.0";
			developmentRegion = en;
			hasScannedForEncodings = 0;
			knownRegions = (
				Base,
				en,
			);
			mainGroup = F8289CF182E2C94C3F449A81;
			minimizedProjectReferenceProxies = 1;
			packageReferences = (
				PH00112233445566778899DD /* XCRemoteSwiftPackageReference "posthog-ios" */,
			);
			preferredProjectObjectVersion = 77;
			productRefGroup = 1F45D7F5254FAD17E047D6A3 /* Products */;
			projectDirPath = "";
			projectRoot = "";
			targets = (
					071F286DC49E27F1773FA883 /* AnswerGuard */,
					068B65121206C32BF6322382 /* AnswerGuardTests */,
					780772D950CC4419ABCBBAB5 /* AnswerGuardUITests */,
				);
		};
/* End PBXProject section */

/* Begin PBXResourcesBuildPhase section */
		C860582E5E34407E753D7F99 /* Resources */ = {
			isa = PBXResourcesBuildPhase;
			buildActionMask = 2147483647;
			files = (
				AABB001122334455DEADBEE0 /* Assets.xcassets in Resources */,
				PRIV001122334455AABB0002 /* PrivacyInfo.xcprivacy in Resources */,
			);
			runOnlyForDeploymentPostprocessing = 0;
		};
/* End PBXResourcesBuildPhase section */

/* Begin PBXSourcesBuildPhase section */
		06C5F8F09D85408E93231FC5 /* Sources */ = {
			isa = PBXSourcesBuildPhase;
			buildActionMask = 2147483647;
			files = (
				064BAA16EA4D4830B29F2D9C /* AnswerGuardUITests.swift in Sources */,
			);
			runOnlyForDeploymentPostprocessing = 0;
		};
		4B3649502FCACD78DF51B7D7 /* Sources */ = {
			isa = PBXSourcesBuildPhase;
			buildActionMask = 2147483647;
			files = (
					A1B2C3D400000003DEADBEEF /* AnalyticsService.swift in Sources */,
					4F4A683B236AE94216503707 /* Colors.swift in Sources */,
					96771424C44C551B73F7732B /* GlassCard.swift in Sources */,
					AACD00112233445566778801 /* CallDirectoryManager.swift in Sources */,
					0DDD8A9A4BBA38ABE292B47F /* PrimaryButton.swift in Sources */,
					4ED9D921707F80E1AC5501F3 /* AnswerGuardApp.swift in Sources */,
					AAGH00112233445566778801 /* AnswerGuardHomeScreen.swift in Sources */,
					A1B2C3D400000004SHARE01 /* ShareSheet.swift in Sources */,
					1BAE4130DA7DC5758A7F13FE /* StoreReviewManager.swift in Sources */,
					A1B2C3D400000001DEADBEEF /* Logger.swift in Sources */,
					85ABA1B34E3D14E790434638 /* ProManager.swift in Sources */,
					SPAM001122334455AABB0002 /* SpamDatabase.swift in Sources */,
			);
			runOnlyForDeploymentPostprocessing = 0;
		};
			CA4E80465DB6DB61FEB6A5DF /* Sources */ = {
			isa = PBXSourcesBuildPhase;
			buildActionMask = 2147483647;
			files = (
					PRVT001122334455AABB0002 /* ProValidationTests.swift in Sources */,
					SPAMT01122334455AABB0002 /* SpamDatabaseTests.swift in Sources */,
				);
			runOnlyForDeploymentPostprocessing = 0;
		};
/* End PBXSourcesBuildPhase section */

/* Begin PBXTargetDependency section */
		57CE23BFEB404B14B13A3CB4 /* PBXTargetDependency */ = {
			isa = PBXTargetDependency;
			target = 071F286DC49E27F1773FA883 /* AnswerGuard */;
			targetProxy = 4B994177C0B44D43AC6B6889 /* PBXContainerItemProxy */;
		};
		67ED10C9A616F8D32CF4F663 /* PBXTargetDependency */ = {
			isa = PBXTargetDependency;
			target = 071F286DC49E27F1773FA883 /* AnswerGuard */;
			targetProxy = D3B5D27FE9DAFDE56963E3F1 /* PBXContainerItemProxy */;
		};
	/* End PBXTargetDependency section */

/* Begin XCBuildConfiguration section */
		02ACBFF2FE72E4428D7448AA /* Debug */ = {
			isa = XCBuildConfiguration;
			buildSettings = {
				BUNDLE_LOADER = "$(TEST_HOST)";
				GENERATE_INFOPLIST_FILE = YES;
				IPHONEOS_DEPLOYMENT_TARGET = 18.0;
				LD_RUNPATH_SEARCH_PATHS = (
					"$(inherited)",
					"@executable_path/Frameworks",
					"@loader_path/Frameworks",
				);
				PRODUCT_BUNDLE_IDENTIFIER = com.igorganapolsky.answerguard.tests;
				SDKROOT = iphoneos;
				SWIFT_VERSION = 6.0;
				TARGETED_DEVICE_FAMILY = "1,2";
				TEST_HOST = "$(BUILT_PRODUCTS_DIR)/AnswerGuard.app/AnswerGuard";
			};
			name = Debug;
		};
		03FF5C3C9BD88526D12DEA51 /* Release */ = {
			isa = XCBuildConfiguration;
			buildSettings = {
				ASSETCATALOG_COMPILER_APPICON_NAME = AppIcon;
				CODE_SIGN_IDENTITY = "Apple Distribution";
				CODE_SIGN_STYLE = Manual;
				CURRENT_PROJECT_VERSION = 132;
				GENERATE_INFOPLIST_FILE = NO;
				INFOPLIST_FILE = AnswerGuard/Info.plist;
				IPHONEOS_DEPLOYMENT_TARGET = 18.0;
				LD_RUNPATH_SEARCH_PATHS = (
					"$(inherited)",
					"@executable_path/Frameworks",
				);
				MARKETING_VERSION = 1.2.6;
				POSTHOG_API_KEY = "$(POSTHOG_API_KEY)";
				PRODUCT_BUNDLE_IDENTIFIER = com.igorganapolsky.answerguard;
				PROVISIONING_PROFILE_SPECIFIER = "match AppStore com.igorganapolsky.answerguard";
				SDKROOT = iphoneos;
				SWIFT_VERSION = 6.0;
				TARGETED_DEVICE_FAMILY = "1,2";
			};
			name = Release;
		};
		16FDC5DDEF28A124C3BFAA9C /* Debug */ = {
			isa = XCBuildConfiguration;
			buildSettings = {
				ALWAYS_SEARCH_USER_PATHS = NO;
				CLANG_ANALYZER_NONNULL = YES;
				CLANG_ANALYZER_NUMBER_OBJECT_CONVERSION = YES_AGGRESSIVE;
				CLANG_CXX_LANGUAGE_STANDARD = "gnu++14";
				CLANG_CXX_LIBRARY = "libc++";
				CLANG_ENABLE_MODULES = YES;
				CLANG_ENABLE_OBJC_ARC = YES;
				CLANG_ENABLE_OBJC_WEAK = YES;
				CLANG_WARN_BLOCK_CAPTURE_AUTORELEASING = YES;
				CLANG_WARN_BOOL_CONVERSION = YES;
				CLANG_WARN_COMMA = YES;
				CLANG_WARN_CONSTANT_CONVERSION = YES;
				CLANG_WARN_DEPRECATED_OBJC_IMPLEMENTATIONS = YES;
				CLANG_WARN_DIRECT_OBJC_ISA_USAGE = YES_ERROR;
				CLANG_WARN_DOCUMENTATION_COMMENTS = YES;
				CLANG_WARN_EMPTY_BODY = YES;
				CLANG_WARN_ENUM_CONVERSION = YES;
				CLANG_WARN_INFINITE_RECURSION = YES;
				CLANG_WARN_INT_CONVERSION = YES;
				CLANG_WARN_NON_LITERAL_NULL_CONVERSION = YES;
				CLANG_WARN_OBJC_IMPLICIT_RETAIN_SELF = YES;
				CLANG_WARN_OBJC_LITERAL_CONVERSION = YES;
				CLANG_WARN_OBJC_ROOT_CLASS = YES_ERROR;
				CLANG_WARN_QUOTED_INCLUDE_IN_FRAMEWORK_HEADER = YES;
				CLANG_WARN_RANGE_LOOP_ANALYSIS = YES;
				CLANG_WARN_STRICT_PROTOTYPES = YES;
				CLANG_WARN_SUSPICIOUS_MOVE = YES;
				CLANG_WARN_UNGUARDED_AVAILABILITY = YES_AGGRESSIVE;
				CLANG_WARN_UNREACHABLE_CODE = YES;
				CLANG_WARN__DUPLICATE_METHOD_MATCH = YES;
				CODE_SIGN_STYLE = Automatic;
				COPY_PHASE_STRIP = NO;
				DEBUG_INFORMATION_FORMAT = dwarf;
				DEVELOPMENT_TEAM = 9GMM26JC5X;
				ENABLE_STRICT_OBJC_MSGSEND = YES;
				ENABLE_TESTABILITY = YES;
				GCC_C_LANGUAGE_STANDARD = gnu11;
				GCC_DYNAMIC_NO_PIC = NO;
				GCC_NO_COMMON_BLOCKS = YES;
				GCC_OPTIMIZATION_LEVEL = 0;
				GCC_PREPROCESSOR_DEFINITIONS = (
					"$(inherited)",
					"DEBUG=1",
				);
				GCC_WARN_64_TO_32_BIT_CONVERSION = YES;
				GCC_WARN_ABOUT_RETURN_TYPE = YES_ERROR;
				GCC_WARN_UNDECLARED_SELECTOR = YES;
				GCC_WARN_UNINITIALIZED_AUTOS = YES_AGGRESSIVE;
				GCC_WARN_UNUSED_FUNCTION = YES;
				GCC_WARN_UNUSED_VARIABLE = YES;
				IPHONEOS_DEPLOYMENT_TARGET = 18.0;
				MTL_ENABLE_DEBUG_INFO = INCLUDE_SOURCE;
				MTL_FAST_MATH = YES;
				ONLY_ACTIVE_ARCH = YES;
				PRODUCT_NAME = "$(TARGET_NAME)";
				SDKROOT = iphoneos;
				SWIFT_ACTIVE_COMPILATION_CONDITIONS = DEBUG;
				SWIFT_OPTIMIZATION_LEVEL = "-Onone";
				SWIFT_VERSION = 6.0;
				TARGETED_DEVICE_FAMILY = "1,2";
			};
			name = Debug;
		};
		4F6D27440DCBFEA2B7BABE45 /* Debug */ = {
			isa = XCBuildConfiguration;
			buildSettings = {
				ASSETCATALOG_COMPILER_APPICON_NAME = AppIcon;
				CODE_SIGN_IDENTITY = "Apple Distribution";
				CODE_SIGN_STYLE = Manual;
				CURRENT_PROJECT_VERSION = 132;
				GENERATE_INFOPLIST_FILE = NO;
				INFOPLIST_FILE = AnswerGuard/Info.plist;
				IPHONEOS_DEPLOYMENT_TARGET = 18.0;
				LD_RUNPATH_SEARCH_PATHS = (
					"$(inherited)",
					"@executable_path/Frameworks",
				);
				MARKETING_VERSION = 1.2.6;
				POSTHOG_API_KEY = "$(POSTHOG_API_KEY)";
				PRODUCT_BUNDLE_IDENTIFIER = com.igorganapolsky.answerguard;
				PROVISIONING_PROFILE_SPECIFIER = "match AppStore com.igorganapolsky.answerguard";
				SDKROOT = iphoneos;
				SWIFT_VERSION = 6.0;
				TARGETED_DEVICE_FAMILY = "1,2";
			};
			name = Debug;
		};
		873078713152ECDFEFD9C3CA /* Release */ = {
			isa = XCBuildConfiguration;
			buildSettings = {
				BUNDLE_LOADER = "$(TEST_HOST)";
				GENERATE_INFOPLIST_FILE = YES;
				IPHONEOS_DEPLOYMENT_TARGET = 18.0;
				LD_RUNPATH_SEARCH_PATHS = (
					"$(inherited)",
					"@executable_path/Frameworks",
					"@loader_path/Frameworks",
				);
				PRODUCT_BUNDLE_IDENTIFIER = com.igorganapolsky.answerguard.tests;
				SDKROOT = iphoneos;
				SWIFT_VERSION = 6.0;
				TARGETED_DEVICE_FAMILY = "1,2";
				TEST_HOST = "$(BUILT_PRODUCTS_DIR)/AnswerGuard.app/AnswerGuard";
			};
			name = Release;
		};
		A6A8B90BA24458B108276D55 /* Release */ = {
			isa = XCBuildConfiguration;
			buildSettings = {
				ALWAYS_SEARCH_USER_PATHS = NO;
				CLANG_ANALYZER_NONNULL = YES;
				CLANG_ANALYZER_NUMBER_OBJECT_CONVERSION = YES_AGGRESSIVE;
				CLANG_CXX_LANGUAGE_STANDARD = "gnu++14";
				CLANG_CXX_LIBRARY = "libc++";
				CLANG_ENABLE_MODULES = YES;
				CLANG_ENABLE_OBJC_ARC = YES;
				CLANG_ENABLE_OBJC_WEAK = YES;
				CLANG_WARN_BLOCK_CAPTURE_AUTORELEASING = YES;
				CLANG_WARN_BOOL_CONVERSION = YES;
				CLANG_WARN_COMMA = YES;
				CLANG_WARN_CONSTANT_CONVERSION = YES;
				CLANG_WARN_DEPRECATED_OBJC_IMPLEMENTATIONS = YES;
				CLANG_WARN_DIRECT_OBJC_ISA_USAGE = YES_ERROR;
				CLANG_WARN_DOCUMENTATION_COMMENTS = YES;
				CLANG_WARN_EMPTY_BODY = YES;
				CLANG_WARN_ENUM_CONVERSION = YES;
				CLANG_WARN_INFINITE_RECURSION = YES;
				CLANG_WARN_INT_CONVERSION = YES;
				CLANG_WARN_NON_LITERAL_NULL_CONVERSION = YES;
				CLANG_WARN_OBJC_IMPLICIT_RETAIN_SELF = YES;
				CLANG_WARN_OBJC_LITERAL_CONVERSION = YES;
				CLANG_WARN_OBJC_ROOT_CLASS = YES_ERROR;
				CLANG_WARN_QUOTED_INCLUDE_IN_FRAMEWORK_HEADER = YES;
				CLANG_WARN_RANGE_LOOP_ANALYSIS = YES;
				CLANG_WARN_STRICT_PROTOTYPES = YES;
				CLANG_WARN_SUSPICIOUS_MOVE = YES;
				CLANG_WARN_UNGUARDED_AVAILABILITY = YES_AGGRESSIVE;
				CLANG_WARN_UNREACHABLE_CODE = YES;
				CLANG_WARN__DUPLICATE_METHOD_MATCH = YES;
				CODE_SIGN_STYLE = Automatic;
				COPY_PHASE_STRIP = NO;
				DEBUG_INFORMATION_FORMAT = "dwarf-with-dsym";
				DEVELOPMENT_TEAM = 9GMM26JC5X;
				ENABLE_NS_ASSERTIONS = NO;
				ENABLE_STRICT_OBJC_MSGSEND = YES;
				GCC_C_LANGUAGE_STANDARD = gnu11;
				GCC_NO_COMMON_BLOCKS = YES;
				GCC_WARN_64_TO_32_BIT_CONVERSION = YES;
				GCC_WARN_ABOUT_RETURN_TYPE = YES_ERROR;
				GCC_WARN_UNDECLARED_SELECTOR = YES;
				GCC_WARN_UNINITIALIZED_AUTOS = YES_AGGRESSIVE;
				GCC_WARN_UNUSED_FUNCTION = YES;
				GCC_WARN_UNUSED_VARIABLE = YES;
				IPHONEOS_DEPLOYMENT_TARGET = 18.0;
				MTL_ENABLE_DEBUG_INFO = NO;
				MTL_FAST_MATH = YES;
				PRODUCT_NAME = "$(TARGET_NAME)";
				SDKROOT = iphoneos;
				SWIFT_COMPILATION_MODE = wholemodule;
				SWIFT_OPTIMIZATION_LEVEL = "-O";
				SWIFT_VERSION = 6.0;
				TARGETED_DEVICE_FAMILY = "1,2";
			};
			name = Release;
		};
		F1A3C8B7C3834CF68A4943A4 /* Debug */ = {
			isa = XCBuildConfiguration;
			buildSettings = {
				GENERATE_INFOPLIST_FILE = YES;
				IPHONEOS_DEPLOYMENT_TARGET = 18.0;
				PRODUCT_BUNDLE_IDENTIFIER = com.igorganapolsky.answerguard.uitests;
				SDKROOT = iphoneos;
				SWIFT_VERSION = 6.0;
				TARGETED_DEVICE_FAMILY = "1,2";
				TEST_TARGET_NAME = AnswerGuard;
			};
			name = Debug;
		};
		F30F63238DCE4B8B92BEDEAD /* Release */ = {
			isa = XCBuildConfiguration;
			buildSettings = {
				GENERATE_INFOPLIST_FILE = YES;
				IPHONEOS_DEPLOYMENT_TARGET = 18.0;
				PRODUCT_BUNDLE_IDENTIFIER = com.igorganapolsky.answerguard.uitests;
				SDKROOT = iphoneos;
				SWIFT_VERSION = 6.0;
				TARGETED_DEVICE_FAMILY = "1,2";
				TEST_TARGET_NAME = AnswerGuard;
			};
			name = Release;
		};
/* End XCBuildConfiguration section */

/* Begin XCConfigurationList section */
		0BADE4CBF85B4271B73F574A /* Build configuration list for PBXNativeTarget "AnswerGuardUITests" */ = {
			isa = XCConfigurationList;
			buildConfigurations = (
				F1A3C8B7C3834CF68A4943A4 /* Debug */,
				F30F63238DCE4B8B92BEDEAD /* Release */,
			);
			defaultConfigurationIsVisible = 0;
			defaultConfigurationName = Debug;
		};
		1FC5C4B604AB7C83642F1A28 /* Build configuration list for PBXNativeTarget "AnswerGuard" */ = {
			isa = XCConfigurationList;
			buildConfigurations = (
				4F6D27440DCBFEA2B7BABE45 /* Debug */,
				03FF5C3C9BD88526D12DEA51 /* Release */,
			);
			defaultConfigurationIsVisible = 0;
			defaultConfigurationName = Debug;
			};
			CD36B60FFBE1306E78F16436 /* Build configuration list for PBXProject "AnswerGuard" */ = {
			isa = XCConfigurationList;
			buildConfigurations = (
				16FDC5DDEF28A124C3BFAA9C /* Debug */,
				A6A8B90BA24458B108276D55 /* Release */,
			);
			defaultConfigurationIsVisible = 0;
			defaultConfigurationName = Debug;
		};
		D5ED6F06F95BC3C6B8B40BC6 /* Build configuration list for PBXNativeTarget "AnswerGuardTests" */ = {
			isa = XCConfigurationList;
			buildConfigurations = (
				02ACBFF2FE72E4428D7448AA /* Debug */,
				873078713152ECDFEFD9C3CA /* Release */,
			);
			defaultConfigurationIsVisible = 0;
			defaultConfigurationName = Debug;
		};
/* End XCConfigurationList section */

/* Begin XCRemoteSwiftPackageReference section */
		PH00112233445566778899DD /* XCRemoteSwiftPackageReference "posthog-ios" */ = {
			isa = XCRemoteSwiftPackageReference;
			repositoryURL = "https://github.com/PostHog/posthog-ios";
			requirement = {
				kind = upToNextMajorVersion;
				minimumVersion = 3.41.1;
			};
		};
/* End XCRemoteSwiftPackageReference section */

/* Begin XCSwiftPackageProductDependency section */
		PH00112233445566778899BB /* PostHog */ = {
			isa = XCSwiftPackageProductDependency;
			package = PH00112233445566778899DD /* XCRemoteSwiftPackageReference "posthog-ios" */;
			productName = PostHog;
		};
/* End XCSwiftPackageProductDependency section */
	};
	rootObject = 0EDC84FE4BE7EB4ACDD83C02 /* Project object */;
}
